// !$*UTF8*$!
{
	archiveVersion = 1;
	classes = {
	};
	objectVersion = 46;
	objects = {

/* Begin PBXBuildFile section */
		CA8433301B8DEE5C0092A29C /* main.m in Sources */ = {isa = PBXBuildFile; fileRef = CA84332F1B8DEE5C0092A29C /* main.m */; };
		CA8433331B8DEE5C0092A29C /* AppDelegate.m in Sources */ = {isa = PBXBuildFile; fileRef = CA8433321B8DEE5C0092A29C /* AppDelegate.m */; };
		CA8433391B8DEE5C0092A29C /* Main.storyboard in Resources */ = {isa = PBXBuildFile; fileRef = CA8433371B8DEE5C0092A29C /* Main.storyboard */; };
		CA84333B1B8DEE5C0092A29C /* Images.xcassets in Resources */ = {isa = PBXBuildFile; fileRef = CA84333A1B8DEE5C0092A29C /* Images.xcassets */; };
		CA84333E1B8DEE5C0092A29C /* LaunchScreen.xib in Resources */ = {isa = PBXBuildFile; fileRef = CA84333C1B8DEE5C0092A29C /* LaunchScreen.xib */; };
		CA84334A1B8DEE5C0092A29C /* AttributorTests.m in Sources */ = {isa = PBXBuildFile; fileRef = CA8433491B8DEE5C0092A29C /* AttributorTests.m */; };
		CA8433581B8DFBB70092A29C /* AttributorViewController.m in Sources */ = {isa = PBXBuildFile; fileRef = CA8433571B8DFBB70092A29C /* AttributorViewController.m */; };
/* End PBXBuildFile section */

/* Begin PBXContainerItemProxy section */
		CA8433441B8DEE5C0092A29C /* PBXContainerItemProxy */ = {
			isa = PBXContainerItemProxy;
			containerPortal = CA8433221B8DEE5C0092A29C /* Project object */;
			proxyType = 1;
			remoteGlobalIDString = CA8433291B8DEE5C0092A29C;
			remoteInfo = Attributor;
		};
/* End PBXContainerItemProxy section */

/* Begin PBXFileReference section */
		CA84332A1B8DEE5C0092A29C /* Attributor.app */ = {isa = PBXFileReference; explicitFileType = wrapper.application; includeInIndex = 0; path = Attributor.app; sourceTree = BUILT_PRODUCTS_DIR; };
		CA84332E1B8DEE5C0092A29C /* Info.plist */ = {isa = PBXFileReference; lastKnownFileType = text.plist.xml; path = Info.plist; sourceTree = "<group>"; };
		CA84332F1B8DEE5C0092A29C /* main.m */ = {isa = PBXFileReference; lastKnownFileType = sourcecode.c.objc; path = main.m; sourceTree = "<group>"; };
		CA8433311B8DEE5C0092A29C /* AppDelegate.h */ = {isa = PBXFileReference; lastKnownFileType = sourcecode.c.h; path = AppDelegate.h; sourceTree = "<group>"; };
		CA8433321B8DEE5C0092A29C /* AppDelegate.m */ = {isa = PBXFileReference; lastKnownFileType = sourcecode.c.objc; path = AppDelegate.m; sourceTree = "<group>"; };
		CA8433381B8DEE5C0092A29C /* Base */ = {isa = PBXFileReference; lastKnownFileType = file.storyboard; name = Base; path = Base.lproj/Main.storyboard; sourceTree = "<group>"; };
		CA84333A1B8DEE5C0092A29C /* Images.xcassets */ = {isa = PBXFileReference; lastKnownFileType = folder.assetcatalog; path = Images.xcassets; sourceTree = "<group>"; };
		CA84333D1B8DEE5C0092A29C /* Base */ = {isa = PBXFileReference; lastKnownFileType = file.xib; name = Base; path = Base.lproj/LaunchScreen.xib; sourceTree = "<group>"; };
		CA8433431B8DEE5C0092A29C /* AttributorTests.xctest */ = {isa = PBXFileReference; explicitFileType = wrapper.cfbundle; includeInIndex = 0; path = AttributorTests.xctest; sourceTree = BUILT_PRODUCTS_DIR; };
		CA8433481B8DEE5C0092A29C /* Info.plist */ = {isa = PBXFileReference; lastKnownFileType = text.plist.xml; path = Info.plist; sourceTree = "<group>"; };
		CA8433491B8DEE5C0092A29C /* AttributorTests.m */ = {isa = PBXFileReference; lastKnownFileType = sourcecode.c.objc; path = AttributorTests.m; sourceTree = "<group>"; };
		CA8433561B8DFBB70092A29C /* AttributorViewController.h */ = {isa = PBXFileReference; fileEncoding = 4; lastKnownFileType = sourcecode.c.h; path = AttributorViewController.h; sourceTree = "<group>"; };
		CA8433571B8DFBB70092A29C /* AttributorViewController.m */ = {isa = PBXFileReference; fileEncoding = 4; lastKnownFileType = sourcecode.c.objc; path = AttributorViewController.m; sourceTree = "<group>"; };
/* End PBXFileReference section */

/* Begin PBXFrameworksBuildPhase section */
		CA8433271B8DEE5C0092A29C /* Frameworks */ = {
			isa = PBXFrameworksBuildPhase;
			buildActionMask = 2147483647;
			files = (
			);
			runOnlyForDeploymentPostprocessing = 0;
		};
		CA8433401B8DEE5C0092A29C /* Frameworks */ = {
			isa = PBXFrameworksBuildPhase;
			buildActionMask = 2147483647;
			files = (
			);
			runOnlyForDeploymentPostprocessing = 0;
		};
/* End PBXFrameworksBuildPhase section */

/* Begin PBXGroup section */
		CA8433211B8DEE5C0092A29C = {
			isa = PBXGroup;
			children = (
				CA84332C1B8DEE5C0092A29C /* Attributor */,
				CA8433461B8DEE5C0092A29C /* AttributorTests */,
				CA84332B1B8DEE5C0092A29C /* Products */,
			);
			sourceTree = "<group>";
		};
		CA84332B1B8DEE5C0092A29C /* Products */ = {
			isa = PBXGroup;
			children = (
				CA84332A1B8DEE5C0092A29C /* Attributor.app */,
				CA8433431B8DEE5C0092A29C /* AttributorTests.xctest */,
			);
			name = Products;
			sourceTree = "<group>";
		};
		CA84332C1B8DEE5C0092A29C /* Attributor */ = {
			isa = PBXGroup;
			children = (
				CA8433371B8DEE5C0092A29C /* Main.storyboard */,
				CA8433561B8DFBB70092A29C /* AttributorViewController.h */,
				CA8433571B8DFBB70092A29C /* AttributorViewController.m */,
				CA84333A1B8DEE5C0092A29C /* Images.xcassets */,
				CA84333C1B8DEE5C0092A29C /* LaunchScreen.xib */,
				CA84332D1B8DEE5C0092A29C /* Supporting Files */,
			);
			path = Attributor;
			sourceTree = "<group>";
		};
		CA84332D1B8DEE5C0092A29C /* Supporting Files */ = {
			isa = PBXGroup;
			children = (
				CA8433311B8DEE5C0092A29C /* AppDelegate.h */,
				CA8433321B8DEE5C0092A29C /* AppDelegate.m */,
				CA84332E1B8DEE5C0092A29C /* Info.plist */,
				CA84332F1B8DEE5C0092A29C /* main.m */,
			);
			name = "Supporting Files";
			sourceTree = "<group>";
		};
		CA8433461B8DEE5C0092A29C /* AttributorTests */ = {
			isa = PBXGroup;
			children = (
				CA8433491B8DEE5C0092A29C /* AttributorTests.m */,
				CA8433471B8DEE5C0092A29C /* Supporting Files */,
			);
			path = AttributorTests;
			sourceTree = "<group>";
		};
		CA8433471B8DEE5C0092A29C /* Supporting Files */ = {
			isa = PBXGroup;
			children = (
				CA8433481B8DEE5C0092A29C /* Info.plist */,
			);
			name = "Supporting Files";
			sourceTree = "<group>";
		};
/* End PBXGroup section */

/* Begin PBXNativeTarget section */
		CA8433291B8DEE5C0092A29C /* Attributor */ = {
			isa = PBXNativeTarget;
			buildConfigurationList = CA84334D1B8DEE5C0092A29C /* Build configuration list for PBXNativeTarget "Attributor" */;
			buildPhases = (
				CA8433261B8DEE5C0092A29C /* Sources */,
				CA8433271B8DEE5C0092A29C /* Frameworks */,
				CA8433281B8DEE5C0092A29C /* Resources */,
			);
			buildRules = (
			);
			dependencies = (
			);
			name = Attributor;
			productName = Attributor;
			productReference = CA84332A1B8DEE5C0092A29C /* Attributor.app */;
			productType = "com.apple.product-type.application";
		};
		CA8433421B8DEE5C0092A29C /* AttributorTests */ = {
			isa = PBXNativeTarget;
			buildConfigurationList = CA8433501B8DEE5C0092A29C /* Build configuration list for PBXNativeTarget "AttributorTests" */;
			buildPhases = (
				CA84333F1B8DEE5C0092A29C /* Sources */,
				CA8433401B8DEE5C0092A29C /* Frameworks */,
				CA8433411B8DEE5C0092A29C /* Resources */,
			);
			buildRules = (
			);
			dependencies = (
				CA8433451B8DEE5C0092A29C /* PBXTargetDependency */,
			);
			name = AttributorTests;
			productName = AttributorTests;
			productReference = CA8433431B8DEE5C0092A29C /* AttributorTests.xctest */;
			productType = "com.apple.product-type.bundle.unit-test";
		};
/* End PBXNativeTarget section */

/* Begin PBXProject section */
		CA8433221B8DEE5C0092A29C /* Project object */ = {
			isa = PBXProject;
			attributes = {
				LastUpgradeCheck = 0640;
				ORGANIZATIONNAME = voyager;
				TargetAttributes = {
					CA8433291B8DEE5C0092A29C = {
						CreatedOnToolsVersion = 6.4;
					};
					CA8433421B8DEE5C0092A29C = {
						CreatedOnToolsVersion = 6.4;
						TestTargetID = CA8433291B8DEE5C0092A29C;
					};
				};
			};
			buildConfigurationList = CA8433251B8DEE5C0092A29C /* Build configuration list for PBXProject "Attributor" */;
			compatibilityVersion = "Xcode 3.2";
			developmentRegion = English;
			hasScannedForEncodings = 0;
			knownRegions = (
				en,
				Base,
			);
			mainGroup = CA8433211B8DEE5C0092A29C;
			productRefGroup = CA84332B1B8DEE5C0092A29C /* Products */;
			projectDirPath = "";
			projectRoot = "";
			targets = (
				CA8433291B8DEE5C0092A29C /* Attributor */,
				CA8433421B8DEE5C0092A29C /* AttributorTests */,
			);
		};
/* End PBXProject section */

/* Begin PBXResourcesBuildPhase section */
		CA8433281B8DEE5C0092A29C /* Resources */ = {
			isa = PBXResourcesBuildPhase;
			buildActionMask = 2147483647;
			files = (
				CA8433391B8DEE5C0092A29C /* Main.storyboard in Resources */,
				CA84333E1B8DEE5C0092A29C /* LaunchScreen.xib in Resources */,
				CA84333B1B8DEE5C0092A29C /* Images.xcassets in Resources */,
			);
			runOnlyForDeploymentPostprocessing = 0;
		};
		CA8433411B8DEE5C0092A29C /* Resources */ = {
			isa = PBXResourcesBuildPhase;
			buildActionMask = 2147483647;
			files = (
			);
			runOnlyForDeploymentPostprocessing = 0;
		};
/* End PBXResourcesBuildPhase section */

/* Begin PBXSourcesBuildPhase section */
		CA8433261B8DEE5C0092A29C /* Sources */ = {
			isa = PBXSourcesBuildPhase;
			buildActionMask = 2147483647;
			files = (
				CA8433331B8DEE5C0092A29C /* AppDelegate.m in Sources */,
				CA8433581B8DFBB70092A29C /* AttributorViewController.m in Sources */,
				CA8433301B8DEE5C0092A29C /* main.m in Sources */,
			);
			runOnlyForDeploymentPostprocessing = 0;
		};
		CA84333F1B8DEE5C0092A29C /* Sources */ = {
			isa = PBXSourcesBuildPhase;
			buildActionMask = 2147483647;
			files = (
				CA84334A1B8DEE5C0092A29C /* AttributorTests.m in Sources */,
			);
			runOnlyForDeploymentPostprocessing = 0;
		};
/* End PBXSourcesBuildPhase section */

/* Begin PBXTargetDependency section */
		CA8433451B8DEE5C0092A29C /* PBXTargetDependency */ = {
			isa = PBXTargetDependency;
			target = CA8433291B8DEE5C0092A29C /* Attributor */;
			targetProxy = CA8433441B8DEE5C0092A29C /* PBXContainerItemProxy */;
		};
/* End PBXTargetDependency section */

/* Begin PBXVariantGroup section */
		CA8433371B8DEE5C0092A29C /* Main.storyboard */ = {
			isa = PBXVariantGroup;
			children = (
				CA8433381B8DEE5C0092A29C /* Base */,
			);
			name = Main.storyboard;
			sourceTree = "<group>";
		};
		CA84333C1B8DEE5C0092A29C /* LaunchScreen.xib */ = {
			isa = PBXVariantGroup;
			children = (
				CA84333D1B8DEE5C0092A29C /* Base */,
			);
			name = LaunchScreen.xib;
			sourceTree = "<group>";
		};
/* End PBXVariantGroup section */

/* Begin XCBuildConfiguration section */
		CA84334B1B8DEE5C0092A29C /* Debug */ = {
			isa = XCBuildConfiguration;
			buildSettings = {
				ALWAYS_SEARCH_USER_PATHS = NO;
				CLANG_CXX_LANGUAGE_STANDARD = "gnu++0x";
				CLANG_CXX_LIBRARY = "libc++";
				CLANG_ENABLE_MODULES = YES;
				CLANG_ENABLE_OBJC_ARC = YES;
				CLANG_WARN_BOOL_CONVERSION = YES;
				CLANG_WARN_CONSTANT_CONVERSION = YES;
				CLANG_WARN_DIRECT_OBJC_ISA_USAGE = YES_ERROR;
				CLANG_WARN_EMPTY_BODY = YES;
				CLANG_WARN_ENUM_CONVERSION = YES;
				CLANG_WARN_INT_CONVERSION = YES;
				CLANG_WARN_OBJC_ROOT_CLASS = YES_ERROR;
				CLANG_WARN_UNREACHABLE_CODE = YES;
				CLANG_WARN__DUPLICATE_METHOD_MATCH = YES;
				"CODE_SIGN_IDENTITY[sdk=iphoneos*]" = "iPhone Developer";
				COPY_PHASE_STRIP = NO;
				DEBUG_INFORMATION_FORMAT = "dwarf-with-dsym";
				ENABLE_STRICT_OBJC_MSGSEND = YES;
				GCC_C_LANGUAGE_STANDARD = gnu99;
				GCC_DYNAMIC_NO_PIC = NO;
				GCC_NO_COMMON_BLOCKS = YES;
				GCC_OPTIMIZATION_LEVEL = 0;
				GCC_PREPROCESSOR_DEFINITIONS = (
					"DEBUG=1",
					"$(inherited)",
				);
				GCC_SYMBOLS_PRIVATE_EXTERN = NO;
				GCC_WARN_64_TO_32_BIT_CONVERSION = YES;
				GCC_WARN_ABOUT_RETURN_TYPE = YES_ERROR;
				GCC_WARN_UNDECLARED_SELECTOR = YES;
				GCC_WARN_UNINITIALIZED_AUTOS = YES_AGGRESSIVE;
				GCC_WARN_UNUSED_FUNCTION = YES;
				GCC_WARN_UNUSED_VARIABLE = YES;
				IPHONEOS_DEPLOYMENT_TARGET = 8.4;
				MTL_ENABLE_DEBUG_INFO = YES;
				ONLY_ACTIVE_ARCH = YES;
				SDKROOT = iphoneos;
			};
			name = Debug;
		};
		CA84334C1B8DEE5C0092A29C /* Release */ = {
			isa = XCBuildConfiguration;
			buildSettings = {
				ALWAYS_SEARCH_USER_PATHS = NO;
				CLANG_CXX_LANGUAGE_STANDARD = "gnu++0x";
				CLANG_CXX_LIBRARY = "libc++";
				CLANG_ENABLE_MODULES = YES;
				CLANG_ENABLE_OBJC_ARC = YES;
				CLANG_WARN_BOOL_CONVERSION = YES;
				CLANG_WARN_CONSTANT_CONVERSION = YES;
				CLANG_WARN_DIRECT_OBJC_ISA_USAGE = YES_ERROR;
				CLANG_WARN_EMPTY_BODY = YES;
				CLANG_WARN_ENUM_CONVERSION = YES;
				CLANG_WARN_INT_CONVERSION = YES;
				CLANG_WARN_OBJC_ROOT_CLASS = YES_ERROR;
				CLANG_WARN_UNREACHABLE_CODE = YES;
				CLANG_WARN__DUPLICATE_METHOD_MATCH = YES;
				"CODE_SIGN_IDENTITY[sdk=iphoneos*]" = "iPhone Developer";
				COPY_PHASE_STRIP = NO;
				DEBUG_INFORMATION_FORMAT = "dwarf-with-dsym";
				ENABLE_NS_ASSERTIONS = NO;
				ENABLE_STRICT_OBJC_MSGSEND = YES;
				GCC_C_LANGUAGE_STANDARD = gnu99;
				GCC_NO_COMMON_BLOCKS = YES;
				GCC_WARN_64_TO_32_BIT_CONVERSION = YES;
				GCC_WARN_ABOUT_RETURN_TYPE = YES_ERROR;
				GCC_WARN_UNDECLARED_SELECTOR = YES;
				GCC_WARN_UNINITIALIZED_AUTOS = YES_AGGRESSIVE;
				GCC_WARN_UNUSED_FUNCTION = YES;
				GCC_WARN_UNUSED_VARIABLE = YES;
				IPHONEOS_DEPLOYMENT_TARGET = 8.4;
				MTL_ENABLE_DEBUG_INFO = NO;
				SDKROOT = iphoneos;
				VALIDATE_PRODUCT = YES;
			};
			name = Release;
		};
		CA84334E1B8DEE5C0092A29C /* Debug */ = {
			isa = XCBuildConfiguration;
			buildSettings = {
				ASSETCATALOG_COMPILER_APPICON_NAME = AppIcon;
				INFOPLIST_FILE = Attributor/Info.plist;
				LD_RUNPATH_SEARCH_PATHS = "$(inherited) @executable_path/Frameworks";
				PRODUCT_NAME = "$(TARGET_NAME)";
			};
			name = Debug;
		};
		CA84334F1B8DEE5C0092A29C /* Release */ = {
			isa = XCBuildConfiguration;
			buildSettings = {
				ASSETCATALOG_COMPILER_APPICON_NAME = AppIcon;
				INFOPLIST_FILE = Attributor/Info.plist;
				LD_RUNPATH_SEARCH_PATHS = "$(inherited) @executable_path/Frameworks";
				PRODUCT_NAME = "$(TARGET_NAME)";
			};
			name = Release;
		};
		CA8433511B8DEE5C0092A29C /* Debug */ = {
			isa = XCBuildConfiguration;
			buildSettings = {
				BUNDLE_LOADER = "$(TEST_HOST)";
				FRAMEWORK_SEARCH_PATHS = (
					"$(SDKROOT)/Developer/Library/Frameworks",
					"$(inherited)",
				);
				GCC_PREPROCESSOR_DEFINITIONS = (
					"DEBUG=1",
					"$(inherited)",
				);
				INFOPLIST_FILE = AttributorTests/Info.plist;
				LD_RUNPATH_SEARCH_PATHS = "$(inherited) @executable_path/Frameworks @loader_path/Frameworks";
				PRODUCT_NAME = "$(TARGET_NAME)";
				TEST_HOST = "$(BUILT_PRODUCTS_DIR)/Attributor.app/Attributor";
			};
			name = Debug;
		};
		CA8433521B8DEE5C0092A29C /* Release */ = {
			isa = XCBuildConfiguration;
			buildSettings = {
				BUNDLE_LOADER = "$(TEST_HOST)";
				FRAMEWORK_SEARCH_PATHS = (
					"$(SDKROOT)/Developer/Library/Frameworks",
					"$(inherited)",
				);
				INFOPLIST_FILE = AttributorTests/Info.plist;
				LD_RUNPATH_SEARCH_PATHS = "$(inherited) @executable_path/Frameworks @loader_path/Frameworks";
				PRODUCT_NAME = "$(TARGET_NAME)";
				TEST_HOST = "$(BUILT_PRODUCTS_DIR)/Attributor.app/Attributor";
			};
			name = Release;
		};
/* End XCBuildConfiguration section */

/* Begin XCConfigurationList section */
		CA8433251B8DEE5C0092A29C /* Build configuration list for PBXProject "Attributor" */ = {
			isa = XCConfigurationList;
			buildConfigurations = (
				CA84334B1B8DEE5C0092A29C /* Debug */,
				CA84334C1B8DEE5C0092A29C /* Release */,
			);
			defaultConfigurationIsVisible = 0;
			defaultConfigurationName = Release;
		};
		CA84334D1B8DEE5C0092A29C /* Build configuration list for PBXNativeTarget "Attributor" */ = {
			isa = XCConfigurationList;
			buildConfigurations = (
				CA84334E1B8DEE5C0092A29C /* Debug */,
				CA84334F1B8DEE5C0092A29C /* Release */,
			);
			defaultConfigurationIsVisible = 0;
		};
		CA8433501B8DEE5C0092A29C /* Build configuration list for PBXNativeTarget "AttributorTests" */ = {
			isa = XCConfigurationList;
			buildConfigurations = (
				CA8433511B8DEE5C0092A29C /* Debug */,
				CA8433521B8DEE5C0092A29C /* Release */,
			);
			defaultConfigurationIsVisible = 0;
		};
/* End XCConfigurationList section */
	};
	rootObject = CA8433221B8DEE5C0092A29C /* Project object */;
}
